[[package]]
name = "atomicwrites"
version = "1.4.0"
description = "Atomic file writes."
category = "dev"
optional = false
python-versions = ">=2.7, !=3.0.*, !=3.1.*, !=3.2.*, !=3.3.*"

[[package]]
name = "attrs"
version = "21.2.0"
description = "Classes Without Boilerplate"
category = "dev"
optional = false
python-versions = ">=2.7, !=3.0.*, !=3.1.*, !=3.2.*, !=3.3.*, !=3.4.*"

[package.extras]
dev = ["coverage[toml] (>=5.0.2)", "hypothesis", "pympler", "pytest (>=4.3.0)", "six", "mypy", "pytest-mypy-plugins", "zope.interface", "furo", "sphinx", "sphinx-notfound-page", "pre-commit"]
docs = ["furo", "sphinx", "zope.interface", "sphinx-notfound-page"]
tests = ["coverage[toml] (>=5.0.2)", "hypothesis", "pympler", "pytest (>=4.3.0)", "six", "mypy", "pytest-mypy-plugins", "zope.interface"]
tests_no_zope = ["coverage[toml] (>=5.0.2)", "hypothesis", "pympler", "pytest (>=4.3.0)", "six", "mypy", "pytest-mypy-plugins"]

[[package]]
name = "click"
version = "7.1.2"
description = "Composable command line interface toolkit"
category = "main"
optional = false
python-versions = ">=2.7, !=3.0.*, !=3.1.*, !=3.2.*, !=3.3.*, !=3.4.*"

[[package]]
name = "colorama"
version = "0.4.4"
description = "Cross-platform colored terminal text."
category = "dev"
optional = false
python-versions = ">=2.7, !=3.0.*, !=3.1.*, !=3.2.*, !=3.3.*, !=3.4.*"

[[package]]
name = "coverage"
version = "5.5"
description = "Code coverage measurement for Python"
category = "dev"
optional = false
python-versions = ">=2.7, !=3.0.*, !=3.1.*, !=3.2.*, !=3.3.*, !=3.4.*, <4"

[package.extras]
toml = ["toml"]

[[package]]
name = "dependency-injector"
version = "4.31.1"
description = "Dependency injection framework for Python"
category = "main"
optional = false
python-versions = "*"

[package.dependencies]
six = ">=1.7.0,<=1.15.0"

[package.extras]
aiohttp = ["aiohttp"]
flask = ["flask"]
pydantic = ["pydantic"]
yaml = ["pyyaml"]

[[package]]
name = "fastapi"
version = "0.63.0"
description = "FastAPI framework, high performance, easy to learn, fast to code, ready for production"
category = "main"
optional = false
python-versions = ">=3.6"

[package.dependencies]
pydantic = ">=1.0.0,<2.0.0"
starlette = "0.13.6"

[package.extras]
all = ["requests (>=2.24.0,<3.0.0)", "aiofiles (>=0.5.0,<0.6.0)", "jinja2 (>=2.11.2,<3.0.0)", "python-multipart (>=0.0.5,<0.0.6)", "itsdangerous (>=1.1.0,<2.0.0)", "pyyaml (>=5.3.1,<6.0.0)", "graphene (>=2.1.8,<3.0.0)", "ujson (>=3.0.0,<4.0.0)", "orjson (>=3.2.1,<4.0.0)", "email_validator (>=1.1.1,<2.0.0)", "uvicorn[standard] (>=0.12.0,<0.14.0)", "async_exit_stack (>=1.0.1,<2.0.0)", "async_generator (>=1.10,<2.0.0)"]
dev = ["python-jose[cryptography] (>=3.1.0,<4.0.0)", "passlib[bcrypt] (>=1.7.2,<2.0.0)", "autoflake (>=1.3.1,<2.0.0)", "flake8 (>=3.8.3,<4.0.0)", "uvicorn[standard] (>=0.12.0,<0.14.0)", "graphene (>=2.1.8,<3.0.0)"]
doc = ["mkdocs (>=1.1.2,<2.0.0)", "mkdocs-material (>=6.1.4,<7.0.0)", "markdown-include (>=0.5.1,<0.6.0)", "mkdocs-markdownextradata-plugin (>=0.1.7,<0.2.0)", "typer-cli (>=0.0.9,<0.0.10)", "pyyaml (>=5.3.1,<6.0.0)"]
test = ["pytest (==5.4.3)", "pytest-cov (==2.10.0)", "pytest-asyncio (>=0.14.0,<0.15.0)", "mypy (==0.790)", "flake8 (>=3.8.3,<4.0.0)", "black (==20.8b1)", "isort (>=5.0.6,<6.0.0)", "requests (>=2.24.0,<3.0.0)", "httpx (>=0.14.0,<0.15.0)", "email_validator (>=1.1.1,<2.0.0)", "sqlalchemy (>=1.3.18,<2.0.0)", "peewee (>=3.13.3,<4.0.0)", "databases[sqlite] (>=0.3.2,<0.4.0)", "orjson (>=3.2.1,<4.0.0)", "async_exit_stack (>=1.0.1,<2.0.0)", "async_generator (>=1.10,<2.0.0)", "python-multipart (>=0.0.5,<0.0.6)", "aiofiles (>=0.5.0,<0.6.0)", "flask (>=1.1.2,<2.0.0)"]

[[package]]
name = "h11"
version = "0.12.0"
description = "A pure-Python, bring-your-own-I/O implementation of HTTP/1.1"
category = "main"
optional = false
python-versions = ">=3.6"

[[package]]
name = "iniconfig"
version = "1.1.1"
description = "iniconfig: brain-dead simple config-ini parsing"
category = "dev"
optional = false
python-versions = "*"

[[package]]
name = "packaging"
version = "21.0"
description = "Core utilities for Python packages"
category = "dev"
optional = false
python-versions = ">=3.6"

[package.dependencies]
pyparsing = ">=2.0.2"

[[package]]
name = "pluggy"
version = "0.13.1"
description = "plugin and hook calling mechanisms for python"
category = "dev"
optional = false
python-versions = ">=2.7, !=3.0.*, !=3.1.*, !=3.2.*, !=3.3.*"

[package.extras]
dev = ["pre-commit", "tox"]

[[package]]
name = "py"
version = "1.10.0"
description = "library with cross-python path, ini-parsing, io, code, log facilities"
category = "dev"
optional = false
python-versions = ">=2.7, !=3.0.*, !=3.1.*, !=3.2.*, !=3.3.*"

[[package]]
name = "pydantic"
version = "1.8.1"
description = "Data validation and settings management using python 3.6 type hinting"
category = "main"
optional = false
python-versions = ">=3.6.1"

[package.dependencies]
typing-extensions = ">=3.7.4.3"

[package.extras]
dotenv = ["python-dotenv (>=0.10.4)"]
email = ["email-validator (>=1.0.3)"]

[[package]]
name = "pyparsing"
version = "2.4.7"
description = "Python parsing module"
category = "dev"
optional = false
python-versions = ">=2.6, !=3.0.*, !=3.1.*, !=3.2.*"

[[package]]
name = "pytest"
version = "6.2.4"
description = "pytest: simple powerful testing with Python"
category = "dev"
optional = false
python-versions = ">=3.6"

[package.dependencies]
atomicwrites = {version = ">=1.0", markers = "sys_platform == \"win32\""}
attrs = ">=19.2.0"
colorama = {version = "*", markers = "sys_platform == \"win32\""}
iniconfig = "*"
packaging = "*"
pluggy = ">=0.12,<1.0.0a1"
py = ">=1.8.2"
toml = "*"

[package.extras]
testing = ["argcomplete", "hypothesis (>=3.56)", "mock", "nose", "requests", "xmlschema"]

[[package]]
name = "pytest-cov"
version = "2.12.1"
description = "Pytest plugin for measuring coverage."
category = "dev"
optional = false
python-versions = ">=2.7, !=3.0.*, !=3.1.*, !=3.2.*, !=3.3.*, !=3.4.*"

[package.dependencies]
coverage = ">=5.2.1"
pytest = ">=4.6"
toml = "*"

[package.extras]
testing = ["fields", "hunter", "process-tests", "six", "pytest-xdist", "virtualenv"]

[[package]]
name = "six"
version = "1.15.0"
description = "Python 2 and 3 compatibility utilities"
category = "main"
optional = false
python-versions = ">=2.7, !=3.0.*, !=3.1.*, !=3.2.*"

[[package]]
name = "starlette"
version = "0.13.6"
description = "The little ASGI library that shines."
category = "main"
optional = false
python-versions = ">=3.6"

[package.extras]
full = ["aiofiles", "graphene", "itsdangerous", "jinja2", "python-multipart", "pyyaml", "requests", "ujson"]

[[package]]
name = "toml"
version = "0.10.2"
description = "Python Library for Tom's Obvious, Minimal Language"
category = "dev"
optional = false
python-versions = ">=2.6, !=3.0.*, !=3.1.*, !=3.2.*"

[[package]]
name = "typing-extensions"
version = "3.7.4.3"
description = "Backported and Experimental Type Hints for Python 3.5+"
category = "main"
optional = false
python-versions = "*"

[[package]]
name = "uvicorn"
version = "0.13.4"
description = "The lightning-fast ASGI server."
category = "main"
optional = false
python-versions = "*"

[package.dependencies]
click = ">=7.0.0,<8.0.0"
h11 = ">=0.8"

[package.extras]
standard = ["websockets (>=8.0.0,<9.0.0)", "watchgod (>=0.6)", "python-dotenv (>=0.13)", "PyYAML (>=5.1)", "httptools (>=0.1.0,<0.2.0)", "uvloop (>=0.14.0,!=0.15.0,!=0.15.1)", "colorama (>=0.4)"]

[metadata]
lock-version = "1.1"
python-versions = "^3.8"
content-hash = "028b0f2f85e74e3dc26771186be6ae1395afa81b2080fd76d1e3fafe26e835f9"

[metadata.files]
atomicwrites = [
    {file = "atomicwrites-1.4.0-py2.py3-none-any.whl", hash = "sha256:6d1784dea7c0c8d4a5172b6c620f40b6e4cbfdf96d783691f2e1302a7b88e197"},
    {file = "atomicwrites-1.4.0.tar.gz", hash = "sha256:ae70396ad1a434f9c7046fd2dd196fc04b12f9e91ffb859164193be8b6168a7a"},
]
attrs = [
    {file = "attrs-21.2.0-py2.py3-none-any.whl", hash = "sha256:149e90d6d8ac20db7a955ad60cf0e6881a3f20d37096140088356da6c716b0b1"},
    {file = "attrs-21.2.0.tar.gz", hash = "sha256:ef6aaac3ca6cd92904cdd0d83f629a15f18053ec84e6432106f7a4d04ae4f5fb"},
]
click = [
    {file = "click-7.1.2-py2.py3-none-any.whl", hash = "sha256:dacca89f4bfadd5de3d7489b7c8a566eee0d3676333fbb50030263894c38c0dc"},
    {file = "click-7.1.2.tar.gz", hash = "sha256:d2b5255c7c6349bc1bd1e59e08cd12acbbd63ce649f2588755783aa94dfb6b1a"},
]
colorama = [
    {file = "colorama-0.4.4-py2.py3-none-any.whl", hash = "sha256:9f47eda37229f68eee03b24b9748937c7dc3868f906e8ba69fbcbdd3bc5dc3e2"},
    {file = "colorama-0.4.4.tar.gz", hash = "sha256:5941b2b48a20143d2267e95b1c2a7603ce057ee39fd88e7329b0c292aa16869b"},
]
coverage = [
    {file = "coverage-5.5-cp27-cp27m-macosx_10_9_x86_64.whl", hash = "sha256:b6d534e4b2ab35c9f93f46229363e17f63c53ad01330df9f2d6bd1187e5eaacf"},
    {file = "coverage-5.5-cp27-cp27m-manylinux1_i686.whl", hash = "sha256:b7895207b4c843c76a25ab8c1e866261bcfe27bfaa20c192de5190121770672b"},
    {file = "coverage-5.5-cp27-cp27m-manylinux1_x86_64.whl", hash = "sha256:c2723d347ab06e7ddad1a58b2a821218239249a9e4365eaff6649d31180c1669"},
    {file = "coverage-5.5-cp27-cp27m-manylinux2010_i686.whl", hash = "sha256:900fbf7759501bc7807fd6638c947d7a831fc9fdf742dc10f02956ff7220fa90"},
    {file = "coverage-5.5-cp27-cp27m-manylinux2010_x86_64.whl", hash = "sha256:004d1880bed2d97151facef49f08e255a20ceb6f9432df75f4eef018fdd5a78c"},
    {file = "coverage-5.5-cp27-cp27m-win32.whl", hash = "sha256:06191eb60f8d8a5bc046f3799f8a07a2d7aefb9504b0209aff0b47298333302a"},
    {file = "coverage-5.5-cp27-cp27m-win_amd64.whl", hash = "sha256:7501140f755b725495941b43347ba8a2777407fc7f250d4f5a7d2a1050ba8e82"},
    {file = "coverage-5.5-cp27-cp27mu-manylinux1_i686.whl", hash = "sha256:372da284cfd642d8e08ef606917846fa2ee350f64994bebfbd3afb0040436905"},
    {file = "coverage-5.5-cp27-cp27mu-manylinux1_x86_64.whl", hash = "sha256:8963a499849a1fc54b35b1c9f162f4108017b2e6db2c46c1bed93a72262ed083"},
    {file = "coverage-5.5-cp27-cp27mu-manylinux2010_i686.whl", hash = "sha256:869a64f53488f40fa5b5b9dcb9e9b2962a66a87dab37790f3fcfb5144b996ef5"},
    {file = "coverage-5.5-cp27-cp27mu-manylinux2010_x86_64.whl", hash = "sha256:4a7697d8cb0f27399b0e393c0b90f0f1e40c82023ea4d45d22bce7032a5d7b81"},
    {file = "coverage-5.5-cp310-cp310-macosx_10_14_x86_64.whl", hash = "sha256:8d0a0725ad7c1a0bcd8d1b437e191107d457e2ec1084b9f190630a4fb1af78e6"},
    {file = "coverage-5.5-cp310-cp310-manylinux1_x86_64.whl", hash = "sha256:51cb9476a3987c8967ebab3f0fe144819781fca264f57f89760037a2ea191cb0"},
    {file = "coverage-5.5-cp310-cp310-win_amd64.whl", hash = "sha256:c0891a6a97b09c1f3e073a890514d5012eb256845c451bd48f7968ef939bf4ae"},
    {file = "coverage-5.5-cp35-cp35m-macosx_10_9_x86_64.whl", hash = "sha256:3487286bc29a5aa4b93a072e9592f22254291ce96a9fbc5251f566b6b7343cdb"},
    {file = "coverage-5.5-cp35-cp35m-manylinux1_i686.whl", hash = "sha256:deee1077aae10d8fa88cb02c845cfba9b62c55e1183f52f6ae6a2df6a2187160"},
    {file = "coverage-5.5-cp35-cp35m-manylinux1_x86_64.whl", hash = "sha256:f11642dddbb0253cc8853254301b51390ba0081750a8ac03f20ea8103f0c56b6"},
    {file = "coverage-5.5-cp35-cp35m-manylinux2010_i686.whl", hash = "sha256:6c90e11318f0d3c436a42409f2749ee1a115cd8b067d7f14c148f1ce5574d701"},
    {file = "coverage-5.5-cp35-cp35m-manylinux2010_x86_64.whl", hash = "sha256:30c77c1dc9f253283e34c27935fded5015f7d1abe83bc7821680ac444eaf7793"},
    {file = "coverage-5.5-cp35-cp35m-win32.whl", hash = "sha256:9a1ef3b66e38ef8618ce5fdc7bea3d9f45f3624e2a66295eea5e57966c85909e"},
    {file = "coverage-5.5-cp35-cp35m-win_amd64.whl", hash = "sha256:972c85d205b51e30e59525694670de6a8a89691186012535f9d7dbaa230e42c3"},
    {file = "coverage-5.5-cp36-cp36m-macosx_10_9_x86_64.whl", hash = "sha256:af0e781009aaf59e25c5a678122391cb0f345ac0ec272c7961dc5455e1c40066"},
    {file = "coverage-5.5-cp36-cp36m-manylinux1_i686.whl", hash = "sha256:74d881fc777ebb11c63736622b60cb9e4aee5cace591ce274fb69e582a12a61a"},
    {file = "coverage-5.5-cp36-cp36m-manylinux1_x86_64.whl", hash = "sha256:92b017ce34b68a7d67bd6d117e6d443a9bf63a2ecf8567bb3d8c6c7bc5014465"},
    {file = "coverage-5.5-cp36-cp36m-manylinux2010_i686.whl", hash = "sha256:d636598c8305e1f90b439dbf4f66437de4a5e3c31fdf47ad29542478c8508bbb"},
    {file = "coverage-5.5-cp36-cp36m-manylinux2010_x86_64.whl", hash = "sha256:41179b8a845742d1eb60449bdb2992196e211341818565abded11cfa90efb821"},
    {file = "coverage-5.5-cp36-cp36m-win32.whl", hash = "sha256:040af6c32813fa3eae5305d53f18875bedd079960822ef8ec067a66dd8afcd45"},
    {file = "coverage-5.5-cp36-cp36m-win_amd64.whl", hash = "sha256:5fec2d43a2cc6965edc0bb9e83e1e4b557f76f843a77a2496cbe719583ce8184"},
    {file = "coverage-5.5-cp37-cp37m-macosx_10_9_x86_64.whl", hash = "sha256:18ba8bbede96a2c3dde7b868de9dcbd55670690af0988713f0603f037848418a"},
    {file = "coverage-5.5-cp37-cp37m-manylinux1_i686.whl", hash = "sha256:2910f4d36a6a9b4214bb7038d537f015346f413a975d57ca6b43bf23d6563b53"},
    {file = "coverage-5.5-cp37-cp37m-manylinux1_x86_64.whl", hash = "sha256:f0b278ce10936db1a37e6954e15a3730bea96a0997c26d7fee88e6c396c2086d"},
    {file = "coverage-5.5-cp37-cp37m-manylinux2010_i686.whl", hash = "sha256:796c9c3c79747146ebd278dbe1e5c5c05dd6b10cc3bcb8389dfdf844f3ead638"},
    {file = "coverage-5.5-cp37-cp37m-manylinux2010_x86_64.whl", hash = "sha256:53194af30d5bad77fcba80e23a1441c71abfb3e01192034f8246e0d8f99528f3"},
    {file = "coverage-5.5-cp37-cp37m-win32.whl", hash = "sha256:184a47bbe0aa6400ed2d41d8e9ed868b8205046518c52464fde713ea06e3a74a"},
    {file = "coverage-5.5-cp37-cp37m-win_amd64.whl", hash = "sha256:2949cad1c5208b8298d5686d5a85b66aae46d73eec2c3e08c817dd3513e5848a"},
    {file = "coverage-5.5-cp38-cp38-macosx_10_9_x86_64.whl", hash = "sha256:217658ec7187497e3f3ebd901afdca1af062b42cfe3e0dafea4cced3983739f6"},
    {file = "coverage-5.5-cp38-cp38-manylinux1_i686.whl", hash = "sha256:1aa846f56c3d49205c952d8318e76ccc2ae23303351d9270ab220004c580cfe2"},
    {file = "coverage-5.5-cp38-cp38-manylinux1_x86_64.whl", hash = "sha256:24d4a7de75446be83244eabbff746d66b9240ae020ced65d060815fac3423759"},
    {file = "coverage-5.5-cp38-cp38-manylinux2010_i686.whl", hash = "sha256:d1f8bf7b90ba55699b3a5e44930e93ff0189aa27186e96071fac7dd0d06a1873"},
    {file = "coverage-5.5-cp38-cp38-manylinux2010_x86_64.whl", hash = "sha256:970284a88b99673ccb2e4e334cfb38a10aab7cd44f7457564d11898a74b62d0a"},
    {file = "coverage-5.5-cp38-cp38-win32.whl", hash = "sha256:01d84219b5cdbfc8122223b39a954820929497a1cb1422824bb86b07b74594b6"},
    {file = "coverage-5.5-cp38-cp38-win_amd64.whl", hash = "sha256:2e0d881ad471768bf6e6c2bf905d183543f10098e3b3640fc029509530091502"},
    {file = "coverage-5.5-cp39-cp39-macosx_10_9_x86_64.whl", hash = "sha256:d1f9ce122f83b2305592c11d64f181b87153fc2c2bbd3bb4a3dde8303cfb1a6b"},
    {file = "coverage-5.5-cp39-cp39-manylinux1_i686.whl", hash = "sha256:13c4ee887eca0f4c5a247b75398d4114c37882658300e153113dafb1d76de529"},
    {file = "coverage-5.5-cp39-cp39-manylinux1_x86_64.whl", hash = "sha256:52596d3d0e8bdf3af43db3e9ba8dcdaac724ba7b5ca3f6358529d56f7a166f8b"},
    {file = "coverage-5.5-cp39-cp39-manylinux2010_i686.whl", hash = "sha256:2cafbbb3af0733db200c9b5f798d18953b1a304d3f86a938367de1567f4b5bff"},
    {file = "coverage-5.5-cp39-cp39-manylinux2010_x86_64.whl", hash = "sha256:44d654437b8ddd9eee7d1eaee28b7219bec228520ff809af170488fd2fed3e2b"},
    {file = "coverage-5.5-cp39-cp39-win32.whl", hash = "sha256:d314ed732c25d29775e84a960c3c60808b682c08d86602ec2c3008e1202e3bb6"},
    {file = "coverage-5.5-cp39-cp39-win_amd64.whl", hash = "sha256:13034c4409db851670bc9acd836243aeee299949bd5673e11844befcb0149f03"},
    {file = "coverage-5.5-pp36-none-any.whl", hash = "sha256:f030f8873312a16414c0d8e1a1ddff2d3235655a2174e3648b4fa66b3f2f1079"},
    {file = "coverage-5.5-pp37-none-any.whl", hash = "sha256:2a3859cb82dcbda1cfd3e6f71c27081d18aa251d20a17d87d26d4cd216fb0af4"},
    {file = "coverage-5.5.tar.gz", hash = "sha256:ebe78fe9a0e874362175b02371bdfbee64d8edc42a044253ddf4ee7d3c15212c"},
]
dependency-injector = [
    {file = "dependency-injector-4.31.1.tar.gz", hash = "sha256:b6b28b9571f44d575367c6005ba8aaa9fd2b70310e1c15410925d6f1ee2769ad"},
    {file = "dependency_injector-4.31.1-cp27-cp27m-macosx_10_9_x86_64.whl", hash = "sha256:efff2d9e4d0b3062c5d9c1637a933dee62e7b6c653a455c081398242c7750928"},
    {file = "dependency_injector-4.31.1-cp27-cp27m-manylinux1_i686.whl", hash = "sha256:58c305f568fb5965dbde993df806742f617e23c253cd42bdc076cc643e11a7b0"},
    {file = "dependency_injector-4.31.1-cp27-cp27m-manylinux1_x86_64.whl", hash = "sha256:c31469bf77e347b6ab7c6f0b67bf247d9a6c3d54030f6c3213550e9ac995d935"},
    {file = "dependency_injector-4.31.1-cp27-cp27m-manylinux2010_i686.whl", hash = "sha256:f92266df33ffca9632c6c0f2973159448f109c6cc6e7d7d3544c621611e3f00c"},
    {file = "dependency_injector-4.31.1-cp27-cp27m-manylinux2010_x86_64.whl", hash = "sha256:026f81dc6067ce7c3c375347da5d7b888a5394d103543b4dc5b7b79fae71c28d"},
    {file = "dependency_injector-4.31.1-cp27-cp27m-win32.whl", hash = "sha256:d49229350ab0add4261e9ca6464d9047df28b2312b35ebddf39fbd57d2dc596a"},
    {file = "dependency_injector-4.31.1-cp27-cp27m-win_amd64.whl", hash = "sha256:fd76f1cc12e0217d0409207f2856db027d75540217869892d1403abbc9f227ad"},
    {file = "dependency_injector-4.31.1-cp27-cp27mu-manylinux1_i686.whl", hash = "sha256:e6843451671f45d2f904f8b9d632fa56e1c1412600261613ac985b7e6ecc125b"},
    {file = "dependency_injector-4.31.1-cp27-cp27mu-manylinux1_x86_64.whl", hash = "sha256:f0d52f928e099ba46044dcd07c849a8a120c38a467739ab4fafa464cf989e786"},
    {file = "dependency_injector-4.31.1-cp27-cp27mu-manylinux2010_i686.whl", hash = "sha256:2eae4774a1330d2706be28cc10616a1186705e24a1ee0dc09a08d62a9bcc3d9f"},
    {file = "dependency_injector-4.31.1-cp27-cp27mu-manylinux2010_x86_64.whl", hash = "sha256:eb3652d99359e15028efd1ae4c20cb04ae702b240d407518fb8fcdf41d6d6d30"},
    {file = "dependency_injector-4.31.1-cp35-cp35m-macosx_10_9_x86_64.whl", hash = "sha256:eab67cd7a0479b54a3c05749f930df9ddebc7f90b9585e39e6f2661a34584718"},
    {file = "dependency_injector-4.31.1-cp35-cp35m-manylinux1_i686.whl", hash = "sha256:2f2f9e67a9cd43216cdcf556f9cdefa5c213f0dc384e5fa5b88a64559bf9cce6"},
    {file = "dependency_injector-4.31.1-cp35-cp35m-manylinux1_x86_64.whl", hash = "sha256:b685b3761923fe0be803690ab790faa6ab54faa0b3a850b41ab20e9d8b03b279"},
    {file = "dependency_injector-4.31.1-cp35-cp35m-manylinux2010_i686.whl", hash = "sha256:d38e538b8853cf3a50c5e6db7aca6c50c9185d2fdeab2c8f17ba02a097ebba10"},
    {file = "dependency_injector-4.31.1-cp35-cp35m-manylinux2010_x86_64.whl", hash = "sha256:13821dc1b59b15eba27ab0b2d4f1d3412c482a756966d24a57bc5817c891fd2b"},
    {file = "dependency_injector-4.31.1-cp35-cp35m-manylinux2014_aarch64.whl", hash = "sha256:87fb491bc907f96d63d8afbc37fa2f00120b4e7ec09e310050cee1ef21a38c63"},
    {file = "dependency_injector-4.31.1-cp35-cp35m-win32.whl", hash = "sha256:63b02e65927ec423e01731e53af2be630ac82029645384fa4e02854d3f0dcae7"},
    {file = "dependency_injector-4.31.1-cp35-cp35m-win_amd64.whl", hash = "sha256:20ca579976081b4c4a69afbbeea32c307a895d22853ec9121dd92ea08a467c06"},
    {file = "dependency_injector-4.31.1-cp36-cp36m-macosx_10_9_x86_64.whl", hash = "sha256:c428c021c2ad48a0a73474705dac2e3f7b5417a9970a8016d8078d956498a3a2"},
    {file = "dependency_injector-4.31.1-cp36-cp36m-manylinux1_i686.whl", hash = "sha256:5b2a1d71d79391833ace23675b95f8bd18ccc6a15d1aea4083fd4fe3c9697ba6"},
    {file = "dependency_injector-4.31.1-cp36-cp36m-manylinux1_x86_64.whl", hash = "sha256:40a39cdf8bf42a175d019e3be549415b5e47557e0d71a4af4d520911870635ac"},
    {file = "dependency_injector-4.31.1-cp36-cp36m-manylinux2010_i686.whl", hash = "sha256:8775cead30b26f096c441897e4a7b8a219cf3246f089d931bbd9b4ad8d1ea9fd"},
    {file = "dependency_injector-4.31.1-cp36-cp36m-manylinux2010_x86_64.whl", hash = "sha256:51aed4b2ac8c0deb63198e2dab0b42b363f583a40eade5e99bd5b73abaf4d02e"},
    {file = "dependency_injector-4.31.1-cp36-cp36m-manylinux2014_aarch64.whl", hash = "sha256:d463e025585b1009d1398390834cc3d1bbd7efe91032428dc9ec03096790039a"},
    {file = "dependency_injector-4.31.1-cp36-cp36m-win32.whl", hash = "sha256:aff8a3fb5c530b5c7510a18765bd67badaa59d149b05d97fb463fc5f8acb2ff9"},
    {file = "dependency_injector-4.31.1-cp36-cp36m-win_amd64.whl", hash = "sha256:5248730887f933e665721d67c08ffff527d1f19f4000ca66fbb8a352a0075574"},
    {file = "dependency_injector-4.31.1-cp37-cp37m-macosx_10_9_x86_64.whl", hash = "sha256:79009f72a7672710db6d0be1510cd7dda446a7291dca2be7950e6ecfcc1fd467"},
    {file = "dependency_injector-4.31.1-cp37-cp37m-manylinux1_i686.whl", hash = "sha256:190610934fb417277cacda665e1337402c933556ca6ef919e4ffbeb33b5fec57"},
    {file = "dependency_injector-4.31.1-cp37-cp37m-manylinux1_x86_64.whl", hash = "sha256:38bf1f78fc7578d8fc84200d86f2f11a0c3bc93fe7ed54e2924bcd05af35610f"},
    {file = "dependency_injector-4.31.1-cp37-cp37m-manylinux2010_i686.whl", hash = "sha256:a26006a125fefc940a8e64eaf188cb3709644a50df73f680e444dd046cefe4c6"},
    {file = "dependency_injector-4.31.1-cp37-cp37m-manylinux2010_x86_64.whl", hash = "sha256:ac55a50ea4179db56d7eeda05059f9e1172b9a851ac9a760a2f729341188dbdb"},
    {file = "dependency_injector-4.31.1-cp37-cp37m-manylinux2014_aarch64.whl", hash = "sha256:bb5071af5bde160041ba521a898102177493c687494733d024bff2e1061b90f8"},
    {file = "dependency_injector-4.31.1-cp37-cp37m-win32.whl", hash = "sha256:05cf38355396faf9fa84161064e6a641ebe983a9aa7aab56388831d07c002701"},
    {file = "dependency_injector-4.31.1-cp37-cp37m-win_amd64.whl", hash = "sha256:595aca38e45e00dd9300e011f529ca5791963bc5b884591cc7a41346146d322d"},
    {file = "dependency_injector-4.31.1-cp38-cp38-macosx_10_9_x86_64.whl", hash = "sha256:10e878127c3a2f1dfadb5cf037ac6f5e895ea8887a8a315d4173d6d4f427f0eb"},
    {file = "dependency_injector-4.31.1-cp38-cp38-manylinux1_i686.whl", hash = "sha256:32d6b0ad1fc83c000c45d92733d5b999af953e2a91769e7e88e1f5f39243ec53"},
    {file = "dependency_injector-4.31.1-cp38-cp38-manylinux1_x86_64.whl", hash = "sha256:07597f224eda4d6551833dea998c4090247b88e92f34ebb482073c3fadd58e0a"},
    {file = "dependency_injector-4.31.1-cp38-cp38-manylinux2010_i686.whl", hash = "sha256:b5ff75cc646aec3e858043757f00226213d24cb6c62ca721c100e3cf647cdb86"},
    {file = "dependency_injector-4.31.1-cp38-cp38-manylinux2010_x86_64.whl", hash = "sha256:b4f1318a1243fbdb2a1d6d5cf28d06da662ff018c14b25d1dabb3e484cb7c7e9"},
    {file = "dependency_injector-4.31.1-cp38-cp38-manylinux2014_aarch64.whl", hash = "sha256:b0193c32e67e6a5596ee0f458a5ae04fc57b92c6cccbe7aac19c4b956a9f2a97"},
    {file = "dependency_injector-4.31.1-cp38-cp38-win32.whl", hash = "sha256:399becdaa93473a69c6a415ae5c395c7830ad9f54d4997eb58db7f8bf0281782"},
    {file = "dependency_injector-4.31.1-cp38-cp38-win_amd64.whl", hash = "sha256:75d6a168e9e7b6d3576c7f443b97131d342c27a276b80a40227dbc18dd755742"},
    {file = "dependency_injector-4.31.1-cp39-cp39-macosx_10_9_x86_64.whl", hash = "sha256:4a83712d2b9bc245565ec471568f712fc6e9137797334c1cb55d145dc8949464"},
    {file = "dependency_injector-4.31.1-cp39-cp39-manylinux1_i686.whl", hash = "sha256:301ac5b858c348fb3d62b1e8a9f9a0ead6324d934d0f2a0c79c812599b505bab"},
    {file = "dependency_injector-4.31.1-cp39-cp39-manylinux1_x86_64.whl", hash = "sha256:74cb9a345d00b2a1812824add09f7dc885126d1e42897f413e3bb84bdbe694fd"},
    {file = "dependency_injector-4.31.1-cp39-cp39-manylinux2010_i686.whl", hash = "sha256:cc853ff88c917dacaf5cd0dc219c0d907444f04c254a41c2a5c8ec9316231d77"},
    {file = "dependency_injector-4.31.1-cp39-cp39-manylinux2010_x86_64.whl", hash = "sha256:9d3989e4a7913897fa381ad8cc7f50f7a522875e084480b8e3a2d33eb87734b5"},
    {file = "dependency_injector-4.31.1-cp39-cp39-manylinux2014_aarch64.whl", hash = "sha256:1785470117f7790d8aff4fff66a8761045ece61705a629f3b4128293b293d396"},
    {file = "dependency_injector-4.31.1-cp39-cp39-win32.whl", hash = "sha256:b2b855f82ed82954c9f222c6634a0d4214b2cb2d838339b13432789f5b61c7f6"},
    {file = "dependency_injector-4.31.1-cp39-cp39-win_amd64.whl", hash = "sha256:bebebf1289a7464c2494925b7ea2d1e2d62c61ce754059930a4ed5a81dc4db6d"},
    {file = "dependency_injector-4.31.1-pp27-pypy_73-macosx_10_9_x86_64.whl", hash = "sha256:28417feac336a3364f3992421ce62844f0541471f2c159000b9305f525c59b95"},
    {file = "dependency_injector-4.31.1-pp27-pypy_73-manylinux1_x86_64.whl", hash = "sha256:fd884ff855a31b5e2600292c5e9bbd6ed82b6f1a9f616e9e5e4afe49bebce27b"},
    {file = "dependency_injector-4.31.1-pp27-pypy_73-manylinux2010_x86_64.whl", hash = "sha256:f0a479995a4e3b9870e2d168cf0252635bde3605778958534bed706a026878c7"},
    {file = "dependency_injector-4.31.1-pp27-pypy_73-win32.whl", hash = "sha256:5d70745c4aabaec02a4f956af9f6669c03cce065ba3c4065d8a8ad7c42b85e6e"},
    {file = "dependency_injector-4.31.1-pp36-pypy36_pp73-macosx_10_9_x86_64.whl", hash = "sha256:35aab47c5a77cde287d653ebeeaad77606a31552c982efcef67f0d016edd3e1b"},
    {file = "dependency_injector-4.31.1-pp36-pypy36_pp73-manylinux1_x86_64.whl", hash = "sha256:89ef28a1cf2447c251726fd3e7cf2227dd4c35b292a385009ec642d6582b0547"},
    {file = "dependency_injector-4.31.1-pp36-pypy36_pp73-manylinux2010_x86_64.whl", hash = "sha256:7e655d763e70b1dabe42eb2519549dd499e2c533e170ab466ed1b810e8107038"},
    {file = "dependency_injector-4.31.1-pp36-pypy36_pp73-win32.whl", hash = "sha256:a6c2df4252d86df6b92730d9005ffa5cab01556caf5819ebffaf5f7b4396b8e9"},
    {file = "dependency_injector-4.31.1-pp37-pypy37_pp73-macosx_10_9_x86_64.whl", hash = "sha256:c50ce8638350cf0419abaebe2baf6322a1b671dac6ccd44f6ef6992bc5190e1a"},
    {file = "dependency_injector-4.31.1-pp37-pypy37_pp73-manylinux1_x86_64.whl", hash = "sha256:18bd27823a8ac90441016c72b737ff2e28834a645f467fbfe98760b394b53ec0"},
    {file = "dependency_injector-4.31.1-pp37-pypy37_pp73-manylinux2010_x86_64.whl", hash = "sha256:647dbc209760ef1cc766cfaa47b6bdff13d41d737cbe9d6b400bac39a60f6d57"},
    {file = "dependency_injector-4.31.1-pp37-pypy37_pp73-win32.whl", hash = "sha256:06160af4b367789d80bd794e91cdbb73da2799820be6cb2660393c98b75c4c80"},
]
fastapi = [
    {file = "fastapi-0.63.0-py3-none-any.whl", hash = "sha256:98d8ea9591d8512fdadf255d2a8fa56515cdd8624dca4af369da73727409508e"},
    {file = "fastapi-0.63.0.tar.gz", hash = "sha256:63c4592f5ef3edf30afa9a44fa7c6b7ccb20e0d3f68cd9eba07b44d552058dcb"},
]
h11 = [
    {file = "h11-0.12.0-py3-none-any.whl", hash = "sha256:36a3cb8c0a032f56e2da7084577878a035d3b61d104230d4bd49c0c6b555a9c6"},
    {file = "h11-0.12.0.tar.gz", hash = "sha256:47222cb6067e4a307d535814917cd98fd0a57b6788ce715755fa2b6c28b56042"},
]
iniconfig = [
    {file = "iniconfig-1.1.1-py2.py3-none-any.whl", hash = "sha256:011e24c64b7f47f6ebd835bb12a743f2fbe9a26d4cecaa7f53bc4f35ee9da8b3"},
    {file = "iniconfig-1.1.1.tar.gz", hash = "sha256:bc3af051d7d14b2ee5ef9969666def0cd1a000e121eaea580d4a313df4b37f32"},
]
packaging = [
    {file = "packaging-21.0-py3-none-any.whl", hash = "sha256:c86254f9220d55e31cc94d69bade760f0847da8000def4dfe1c6b872fd14ff14"},
    {file = "packaging-21.0.tar.gz", hash = "sha256:7dc96269f53a4ccec5c0670940a4281106dd0bb343f47b7471f779df49c2fbe7"},
]
pluggy = [
    {file = "pluggy-0.13.1-py2.py3-none-any.whl", hash = "sha256:966c145cd83c96502c3c3868f50408687b38434af77734af1e9ca461a4081d2d"},
    {file = "pluggy-0.13.1.tar.gz", hash = "sha256:15b2acde666561e1298d71b523007ed7364de07029219b604cf808bfa1c765b0"},
]
py = [
    {file = "py-1.10.0-py2.py3-none-any.whl", hash = "sha256:3b80836aa6d1feeaa108e046da6423ab8f6ceda6468545ae8d02d9d58d18818a"},
    {file = "py-1.10.0.tar.gz", hash = "sha256:21b81bda15b66ef5e1a777a21c4dcd9c20ad3efd0b3f817e7a809035269e1bd3"},
]
pydantic = [
    {file = "pydantic-1.8.1-cp36-cp36m-macosx_10_9_x86_64.whl", hash = "sha256:0c40162796fc8d0aa744875b60e4dc36834db9f2a25dbf9ba9664b1915a23850"},
    {file = "pydantic-1.8.1-cp36-cp36m-manylinux1_i686.whl", hash = "sha256:fff29fe54ec419338c522b908154a2efabeee4f483e48990f87e189661f31ce3"},
    {file = "pydantic-1.8.1-cp36-cp36m-manylinux2014_i686.whl", hash = "sha256:fbfb608febde1afd4743c6822c19060a8dbdd3eb30f98e36061ba4973308059e"},
    {file = "pydantic-1.8.1-cp36-cp36m-manylinux2014_x86_64.whl", hash = "sha256:eb8ccf12295113ce0de38f80b25f736d62f0a8d87c6b88aca645f168f9c78771"},
    {file = "pydantic-1.8.1-cp36-cp36m-win_amd64.whl", hash = "sha256:20d42f1be7c7acc352b3d09b0cf505a9fab9deb93125061b376fbe1f06a5459f"},
    {file = "pydantic-1.8.1-cp37-cp37m-macosx_10_9_x86_64.whl", hash = "sha256:dde4ca368e82791de97c2ec019681ffb437728090c0ff0c3852708cf923e0c7d"},
    {file = "pydantic-1.8.1-cp37-cp37m-manylinux1_i686.whl", hash = "sha256:3bbd023c981cbe26e6e21c8d2ce78485f85c2e77f7bab5ec15b7d2a1f491918f"},
    {file = "pydantic-1.8.1-cp37-cp37m-manylinux2014_i686.whl", hash = "sha256:830ef1a148012b640186bf4d9789a206c56071ff38f2460a32ae67ca21880eb8"},
    {file = "pydantic-1.8.1-cp37-cp37m-manylinux2014_x86_64.whl", hash = "sha256:fb77f7a7e111db1832ae3f8f44203691e15b1fa7e5a1cb9691d4e2659aee41c4"},
    {file = "pydantic-1.8.1-cp37-cp37m-win_amd64.whl", hash = "sha256:3bcb9d7e1f9849a6bdbd027aabb3a06414abd6068cb3b21c49427956cce5038a"},
    {file = "pydantic-1.8.1-cp38-cp38-macosx_10_9_x86_64.whl", hash = "sha256:2287ebff0018eec3cc69b1d09d4b7cebf277726fa1bd96b45806283c1d808683"},
    {file = "pydantic-1.8.1-cp38-cp38-manylinux1_i686.whl", hash = "sha256:4bbc47cf7925c86a345d03b07086696ed916c7663cb76aa409edaa54546e53e2"},
    {file = "pydantic-1.8.1-cp38-cp38-manylinux2014_i686.whl", hash = "sha256:6388ef4ef1435364c8cc9a8192238aed030595e873d8462447ccef2e17387125"},
    {file = "pydantic-1.8.1-cp38-cp38-manylinux2014_x86_64.whl", hash = "sha256:dd4888b300769ecec194ca8f2699415f5f7760365ddbe243d4fd6581485fa5f0"},
    {file = "pydantic-1.8.1-cp38-cp38-win_amd64.whl", hash = "sha256:8fbb677e4e89c8ab3d450df7b1d9caed23f254072e8597c33279460eeae59b99"},
    {file = "pydantic-1.8.1-cp39-cp39-macosx_10_9_x86_64.whl", hash = "sha256:2f2736d9a996b976cfdfe52455ad27462308c9d3d0ae21a2aa8b4cd1a78f47b9"},
    {file = "pydantic-1.8.1-cp39-cp39-manylinux1_i686.whl", hash = "sha256:3114d74329873af0a0e8004627f5389f3bb27f956b965ddd3e355fe984a1789c"},
    {file = "pydantic-1.8.1-cp39-cp39-manylinux2014_i686.whl", hash = "sha256:258576f2d997ee4573469633592e8b99aa13bda182fcc28e875f866016c8e07e"},
    {file = "pydantic-1.8.1-cp39-cp39-manylinux2014_x86_64.whl", hash = "sha256:c17a0b35c854049e67c68b48d55e026c84f35593c66d69b278b8b49e2484346f"},
    {file = "pydantic-1.8.1-cp39-cp39-win_amd64.whl", hash = "sha256:e8bc082afef97c5fd3903d05c6f7bb3a6af9fc18631b4cc9fedeb4720efb0c58"},
    {file = "pydantic-1.8.1-py3-none-any.whl", hash = "sha256:e3f8790c47ac42549dc8b045a67b0ca371c7f66e73040d0197ce6172b385e520"},
    {file = "pydantic-1.8.1.tar.gz", hash = "sha256:26cf3cb2e68ec6c0cfcb6293e69fb3450c5fd1ace87f46b64f678b0d29eac4c3"},
]
pyparsing = [
    {file = "pyparsing-2.4.7-py2.py3-none-any.whl", hash = "sha256:ef9d7589ef3c200abe66653d3f1ab1033c3c419ae9b9bdb1240a85b024efc88b"},
    {file = "pyparsing-2.4.7.tar.gz", hash = "sha256:c203ec8783bf771a155b207279b9bccb8dea02d8f0c9e5f8ead507bc3246ecc1"},
]
pytest = [
    {file = "pytest-6.2.4-py3-none-any.whl", hash = "sha256:91ef2131a9bd6be8f76f1f08eac5c5317221d6ad1e143ae03894b862e8976890"},
    {file = "pytest-6.2.4.tar.gz", hash = "sha256:50bcad0a0b9c5a72c8e4e7c9855a3ad496ca6a881a3641b4260605450772c54b"},
]
pytest-cov = [
    {file = "pytest-cov-2.12.1.tar.gz", hash = "sha256:261ceeb8c227b726249b376b8526b600f38667ee314f910353fa318caa01f4d7"},
    {file = "pytest_cov-2.12.1-py2.py3-none-any.whl", hash = "sha256:261bb9e47e65bd099c89c3edf92972865210c36813f80ede5277dceb77a4a62a"},
]
six = [
    {file = "six-1.15.0-py2.py3-none-any.whl", hash = "sha256:8b74bedcbbbaca38ff6d7491d76f2b06b3592611af620f8426e82dddb04a5ced"},
    {file = "six-1.15.0.tar.gz", hash = "sha256:30639c035cdb23534cd4aa2dd52c3bf48f06e5f4a941509c8bafd8ce11080259"},
]
starlette = [
    {file = "starlette-0.13.6-py3-none-any.whl", hash = "sha256:bd2ffe5e37fb75d014728511f8e68ebf2c80b0fa3d04ca1479f4dc752ae31ac9"},
    {file = "starlette-0.13.6.tar.gz", hash = "sha256:ebe8ee08d9be96a3c9f31b2cb2a24dbdf845247b745664bd8a3f9bd0c977fdbc"},
]
toml = [
    {file = "toml-0.10.2-py2.py3-none-any.whl", hash = "sha256:806143ae5bfb6a3c6e736a764057db0e6a0e05e338b5630894a5f779cabb4f9b"},
    {file = "toml-0.10.2.tar.gz", hash = "sha256:b3bda1d108d5dd99f4a20d24d9c348e91c4db7ab1b749200bded2f839ccbe68f"},
]
typing-extensions = [
    {file = "typing_extensions-3.7.4.3-py2-none-any.whl", hash = "sha256:dafc7639cde7f1b6e1acc0f457842a83e722ccca8eef5270af2d74792619a89f"},
    {file = "typing_extensions-3.7.4.3-py3-none-any.whl", hash = "sha256:7cb407020f00f7bfc3cb3e7881628838e69d8f3fcab2f64742a5e76b2f841918"},
    {file = "typing_extensions-3.7.4.3.tar.gz", hash = "sha256:99d4073b617d30288f569d3f13d2bd7548c3a7e4c8de87db09a9d29bb3a4a60c"},
]
uvicorn = [
    {file = "uvicorn-0.13.4-py3-none-any.whl", hash = "sha256:7587f7b08bd1efd2b9bad809a3d333e972f1d11af8a5e52a9371ee3a5de71524"},
    {file = "uvicorn-0.13.4.tar.gz", hash = "sha256:3292251b3c7978e8e4a7868f4baf7f7f7bb7e40c759ecc125c37e99cdea34202"},
]
